
Microsoft Visual Studio Solution File, Format Version 12.00
# Visual Studio Version 17
VisualStudioVersion = 17.14.36408.4
MinimumVisualStudioVersion = 10.0.40219.1
Project("{2150E333-8FDC-42A3-9474-1A3956D46DE8}") = "Railway", "Railway", "{02EA681E-C7D8-13C7-8484-4AC65E1B71E8}"
EndProject
Project("{FAE04EC0-301F-11D3-BF4B-00C04F79EFBC}") = "Railway.Core", "Railway\Railway.Core\Railway.Core.csproj", "{AB4F0105-C132-4450-ABA4-E50B401093EB}"
EndProject
Project("{FAE04EC0-301F-11D3-BF4B-00C04F79EFBC}") = "Railway.Sample", "Railway\Railway.Sample\Railway.Sample.csproj", "{3A8BCABB-CE2A-4578-BF64-FDD1046777CC}"
EndProject
Project("{FAE04EC0-301F-11D3-BF4B-00C04F79EFBC}") = "Railway.Test", "Railway\Railway.Test\Railway.Test.csproj", "{663F6ADF-177A-42BA-B30D-F940547076B5}"
EndProject
Global
	GlobalSection(SolutionConfigurationPlatforms) = preSolution
		Debug|Any CPU = Debug|Any CPU
		Release|Any CPU = Release|Any CPU
	EndGlobalSection
	GlobalSection(ProjectConfigurationPlatforms) = postSolution
		{AB4F0105-C132-4450-ABA4-E50B401093EB}.Debug|Any CPU.ActiveCfg = Debug|Any CPU
		{AB4F0105-C132-4450-ABA4-E50B401093EB}.Debug|Any CPU.Build.0 = Debug|Any CPU
		{AB4F0105-C132-4450-ABA4-E50B401093EB}.Release|Any CPU.ActiveCfg = Release|Any CPU
		{AB4F0105-C132-4450-ABA4-E50B401093EB}.Release|Any CPU.Build.0 = Release|Any CPU
		{3A8BCABB-CE2A-4578-BF64-FDD1046777CC}.Debug|Any CPU.ActiveCfg = Debug|Any CPU
		{3A8BCABB-CE2A-4578-BF64-FDD1046777CC}.Debug|Any CPU.Build.0 = Debug|Any CPU
		{3A8BCABB-CE2A-4578-BF64-FDD1046777CC}.Release|Any CPU.ActiveCfg = Release|Any CPU
		{3A8BCABB-CE2A-4578-BF64-FDD1046777CC}.Release|Any CPU.Build.0 = Release|Any CPU
		{663F6ADF-177A-42BA-B30D-F940547076B5}.Debug|Any CPU.ActiveCfg = Debug|Any CPU
		{663F6ADF-177A-42BA-B30D-F940547076B5}.Debug|Any CPU.Build.0 = Debug|Any CPU
		{663F6ADF-177A-42BA-B30D-F940547076B5}.Release|Any CPU.ActiveCfg = Release|Any CPU
		{663F6ADF-177A-42BA-B30D-F940547076B5}.Release|Any CPU.Build.0 = Release|Any CPU
	EndGlobalSection
	GlobalSection(SolutionProperties) = preSolution
		HideSolutionNode = FALSE
	EndGlobalSection
	GlobalSection(NestedProjects) = preSolution
		{AB4F0105-C132-4450-ABA4-E50B401093EB} = {02EA681E-C7D8-13C7-8484-4AC65E1B71E8}
		{3A8BCABB-CE2A-4578-BF64-FDD1046777CC} = {02EA681E-C7D8-13C7-8484-4AC65E1B71E8}
		{663F6ADF-177A-42BA-B30D-F940547076B5} = {02EA681E-C7D8-13C7-8484-4AC65E1B71E8}
	EndGlobalSection
	GlobalSection(ExtensibilityGlobals) = postSolution
		SolutionGuid = {D8BA9C05-4560-477C-BA75-CE4D8AEA94EA}
	EndGlobalSection
EndGlobal
